
Microsoft Visual Studio Solution File, Format Version 12.00
Project("{FAE04EC0-301F-11D3-BF4B-00C04F79EFBC}") = "Example.Api", "src\Example.Api\Example.Api.csproj", "{BB82D398-B7A3-479A-A5DF-E7C5034CA2DA}"
EndProject
Project("{2150E333-8FDC-42A3-9474-1A3956D46DE8}") = "src", "src", "{4EA0311B-C18D-44D3-B6E0-383113130C13}"
EndProject
Project("{2150E333-8FDC-42A3-9474-1A3956D46DE8}") = "tests", "tests", "{62E63FB8-9C48-4AA3-B5EB-4E73DF4D729F}"
EndProject
Project("{FAE04EC0-301F-11D3-BF4B-00C04F79EFBC}") = "Example.Data", "src\Example.Data\Example.Data.csproj", "{F86C16EE-AB92-43CC-BAAA-4C21543577A1}"
EndProject
Project("{FAE04EC0-301F-11D3-BF4B-00C04F79EFBC}") = "Example.Services", "src\Example.Services\Example.Services.csproj", "{F74C0B1A-210D-42BB-96E5-867F401C33EE}"
EndProject
Project("{FAE04EC0-301F-11D3-BF4B-00C04F79EFBC}") = "Example.IntegrationTests", "tests\Example.IntegrationTests\Example.IntegrationTests.csproj", "{6D9E8FBB-8AC5-4074-A7D8-4ABE428A2FBB}"
EndProject
Project("{FAE04EC0-301F-11D3-BF4B-00C04F79EFBC}") = "Example.Shared", "src\Example.Shared\Example.Shared.csproj", "{C2702A90-E938-4096-AAEF-718A4B69B57F}"
EndProject
Project("{FAE04EC0-301F-11D3-BF4B-00C04F79EFBC}") = "Example.IntegrationTests.Common", "tests\Example.IntegrationTests.Common\Example.IntegrationTests.Common.csproj", "{9962DE02-C62B-4B14-9A92-2E196F99DB8C}"
EndProject
Global
	GlobalSection(SolutionConfigurationPlatforms) = preSolution
		Debug|Any CPU = Debug|Any CPU
		Release|Any CPU = Release|Any CPU
	EndGlobalSection
	GlobalSection(ProjectConfigurationPlatforms) = postSolution
		{BB82D398-B7A3-479A-A5DF-E7C5034CA2DA}.Debug|Any CPU.ActiveCfg = Debug|Any CPU
		{BB82D398-B7A3-479A-A5DF-E7C5034CA2DA}.Debug|Any CPU.Build.0 = Debug|Any CPU
		{BB82D398-B7A3-479A-A5DF-E7C5034CA2DA}.Release|Any CPU.ActiveCfg = Release|Any CPU
		{BB82D398-B7A3-479A-A5DF-E7C5034CA2DA}.Release|Any CPU.Build.0 = Release|Any CPU
		{F86C16EE-AB92-43CC-BAAA-4C21543577A1}.Debug|Any CPU.ActiveCfg = Debug|Any CPU
		{F86C16EE-AB92-43CC-BAAA-4C21543577A1}.Debug|Any CPU.Build.0 = Debug|Any CPU
		{F86C16EE-AB92-43CC-BAAA-4C21543577A1}.Release|Any CPU.ActiveCfg = Release|Any CPU
		{F86C16EE-AB92-43CC-BAAA-4C21543577A1}.Release|Any CPU.Build.0 = Release|Any CPU
		{F74C0B1A-210D-42BB-96E5-867F401C33EE}.Debug|Any CPU.ActiveCfg = Debug|Any CPU
		{F74C0B1A-210D-42BB-96E5-867F401C33EE}.Debug|Any CPU.Build.0 = Debug|Any CPU
		{F74C0B1A-210D-42BB-96E5-867F401C33EE}.Release|Any CPU.ActiveCfg = Release|Any CPU
		{F74C0B1A-210D-42BB-96E5-867F401C33EE}.Release|Any CPU.Build.0 = Release|Any CPU
		{6D9E8FBB-8AC5-4074-A7D8-4ABE428A2FBB}.Debug|Any CPU.ActiveCfg = Debug|Any CPU
		{6D9E8FBB-8AC5-4074-A7D8-4ABE428A2FBB}.Debug|Any CPU.Build.0 = Debug|Any CPU
		{6D9E8FBB-8AC5-4074-A7D8-4ABE428A2FBB}.Release|Any CPU.ActiveCfg = Release|Any CPU
		{6D9E8FBB-8AC5-4074-A7D8-4ABE428A2FBB}.Release|Any CPU.Build.0 = Release|Any CPU
		{C2702A90-E938-4096-AAEF-718A4B69B57F}.Debug|Any CPU.ActiveCfg = Debug|Any CPU
		{C2702A90-E938-4096-AAEF-718A4B69B57F}.Debug|Any CPU.Build.0 = Debug|Any CPU
		{C2702A90-E938-4096-AAEF-718A4B69B57F}.Release|Any CPU.ActiveCfg = Release|Any CPU
		{C2702A90-E938-4096-AAEF-718A4B69B57F}.Release|Any CPU.Build.0 = Release|Any CPU
		{9962DE02-C62B-4B14-9A92-2E196F99DB8C}.Debug|Any CPU.ActiveCfg = Debug|Any CPU
		{9962DE02-C62B-4B14-9A92-2E196F99DB8C}.Debug|Any CPU.Build.0 = Debug|Any CPU
		{9962DE02-C62B-4B14-9A92-2E196F99DB8C}.Release|Any CPU.ActiveCfg = Release|Any CPU
		{9962DE02-C62B-4B14-9A92-2E196F99DB8C}.Release|Any CPU.Build.0 = Release|Any CPU
	EndGlobalSection
	GlobalSection(NestedProjects) = preSolution
		{BB82D398-B7A3-479A-A5DF-E7C5034CA2DA} = {4EA0311B-C18D-44D3-B6E0-383113130C13}
		{F86C16EE-AB92-43CC-BAAA-4C21543577A1} = {4EA0311B-C18D-44D3-B6E0-383113130C13}
		{F74C0B1A-210D-42BB-96E5-867F401C33EE} = {4EA0311B-C18D-44D3-B6E0-383113130C13}
		{6D9E8FBB-8AC5-4074-A7D8-4ABE428A2FBB} = {62E63FB8-9C48-4AA3-B5EB-4E73DF4D729F}
		{C2702A90-E938-4096-AAEF-718A4B69B57F} = {4EA0311B-C18D-44D3-B6E0-383113130C13}
		{9962DE02-C62B-4B14-9A92-2E196F99DB8C} = {62E63FB8-9C48-4AA3-B5EB-4E73DF4D729F}
	EndGlobalSection
EndGlobal
